
Microsoft Visual Studio Solution File, Format Version 12.00
# Visual Studio Version 17
VisualStudioVersion = 17.13.35818.85 d17.13
MinimumVisualStudioVersion = 10.0.40219.1
Project("{FAE04EC0-301F-11D3-BF4B-00C04F79EFBC}") = "MusicBookStore", "MusicBookStore\MusicBookStore.csproj", "{924C94AC-0DF7-4612-8E7A-CAACC42D9B67}"
EndProject
Global
	GlobalSection(SolutionConfigurationPlatforms) = preSolution
		Debug|Any CPU = Debug|Any CPU
		Release|Any CPU = Release|Any CPU
	EndGlobalSection
	GlobalSection(ProjectConfigurationPlatforms) = postSolution
		{924C94AC-0DF7-4612-8E7A-CAACC42D9B67}.Debug|Any CPU.ActiveCfg = Debug|Any CPU
		{924C94AC-0DF7-4612-8E7A-CAACC42D9B67}.Debug|Any CPU.Build.0 = Debug|Any CPU
		{924C94AC-0DF7-4612-8E7A-CAACC42D9B67}.Release|Any CPU.ActiveCfg = Release|Any CPU
		{924C94AC-0DF7-4612-8E7A-CAACC42D9B67}.Release|Any CPU.Build.0 = Release|Any CPU
	EndGlobalSection
	GlobalSection(SolutionProperties) = preSolution
		HideSolutionNode = FALSE
	EndGlobalSection
	GlobalSection(ExtensibilityGlobals) = postSolution
		SolutionGuid = {5F915901-DFA4-4342-A151-5720F8C64309}
	EndGlobalSection
EndGlobal
